// !$*UTF8*$!
{
	archiveVersion = 1;
	classes = {
	};
	objectVersion = 50;
	objects = {

/* Begin PBXBuildFile section */
		456BBF914BA8B2BF6303A41F /* Pods_TwitSplit_ZaloraUITests.framework in Frameworks */ = {isa = PBXBuildFile; fileRef = C4D0AEDE2A88EBE72C4FF811 /* Pods_TwitSplit_ZaloraUITests.framework */; };
		4A17264822677414009BF28C /* AppDelegate.swift in Sources */ = {isa = PBXBuildFile; fileRef = 4A17264722677414009BF28C /* AppDelegate.swift */; };
		4A17264D22677414009BF28C /* Main.storyboard in Resources */ = {isa = PBXBuildFile; fileRef = 4A17264B22677414009BF28C /* Main.storyboard */; };
		4A17264F22677416009BF28C /* Assets.xcassets in Resources */ = {isa = PBXBuildFile; fileRef = 4A17264E22677416009BF28C /* Assets.xcassets */; };
		4A17265222677416009BF28C /* LaunchScreen.storyboard in Resources */ = {isa = PBXBuildFile; fileRef = 4A17265022677416009BF28C /* LaunchScreen.storyboard */; };
		4A17265D22677416009BF28C /* TwitSplit_ZaloraTests.swift in Sources */ = {isa = PBXBuildFile; fileRef = 4A17265C22677416009BF28C /* TwitSplit_ZaloraTests.swift */; };
		4A17266822677416009BF28C /* TwitSplit_ZaloraUITests.swift in Sources */ = {isa = PBXBuildFile; fileRef = 4A17266722677416009BF28C /* TwitSplit_ZaloraUITests.swift */; };
		4A17267722677599009BF28C /* Constants.swift in Sources */ = {isa = PBXBuildFile; fileRef = 4A17267622677599009BF28C /* Constants.swift */; };
		4A172679226775B0009BF28C /* TwitSplitStrategy.swift in Sources */ = {isa = PBXBuildFile; fileRef = 4A172678226775B0009BF28C /* TwitSplitStrategy.swift */; };
		4AC3893222688E1400E0ABEB /* PostMessageViewModel.swift in Sources */ = {isa = PBXBuildFile; fileRef = 4AC3893122688E1400E0ABEB /* PostMessageViewModel.swift */; };
		4AC3893422688E5500E0ABEB /* MessageModel.swift in Sources */ = {isa = PBXBuildFile; fileRef = 4AC3893322688E5500E0ABEB /* MessageModel.swift */; };
		4AC3893822689CF800E0ABEB /* PostMessagesViewController.swift in Sources */ = {isa = PBXBuildFile; fileRef = 4AC3893722689CF800E0ABEB /* PostMessagesViewController.swift */; };
		4AC3893A2268B39C00E0ABEB /* TimelinesViewController.swift in Sources */ = {isa = PBXBuildFile; fileRef = 4AC389392268B39C00E0ABEB /* TimelinesViewController.swift */; };
		4AC3893C2268DF7700E0ABEB /* TimelinesViewModel.swift in Sources */ = {isa = PBXBuildFile; fileRef = 4AC3893B2268DF7700E0ABEB /* TimelinesViewModel.swift */; };
		4AC3893E2268DFC300E0ABEB /* PostTableViewCell.xib in Resources */ = {isa = PBXBuildFile; fileRef = 4AC3893D2268DFC300E0ABEB /* PostTableViewCell.xib */; };
		4AC389402268E08E00E0ABEB /* PostTableViewCell.swift in Sources */ = {isa = PBXBuildFile; fileRef = 4AC3893F2268E08E00E0ABEB /* PostTableViewCell.swift */; };
		72A2DF84E991AD0811B8E571 /* Pods_TwitSplit_Zalora.framework in Frameworks */ = {isa = PBXBuildFile; fileRef = 79FA04FA677BC749B9E56F66 /* Pods_TwitSplit_Zalora.framework */; };
		CBD55A6BC00FEE2CFEA25225 /* Pods_TwitSplit_ZaloraTests.framework in Frameworks */ = {isa = PBXBuildFile; fileRef = 5B638AC8025E638FD0E12411 /* Pods_TwitSplit_ZaloraTests.framework */; };
/* End PBXBuildFile section */

/* Begin PBXContainerItemProxy section */
		4A17265922677416009BF28C /* PBXContainerItemProxy */ = {
			isa = PBXContainerItemProxy;
			containerPortal = 4A17263C22677414009BF28C /* Project object */;
			proxyType = 1;
			remoteGlobalIDString = 4A17264322677414009BF28C;
			remoteInfo = "TwitSplit-Zalora";
		};
		4A17266422677416009BF28C /* PBXContainerItemProxy */ = {
			isa = PBXContainerItemProxy;
			containerPortal = 4A17263C22677414009BF28C /* Project object */;
			proxyType = 1;
			remoteGlobalIDString = 4A17264322677414009BF28C;
			remoteInfo = "TwitSplit-Zalora";
		};
/* End PBXContainerItemProxy section */

/* Begin PBXFileReference section */
		0C1CD0EDD337030509B0AADF /* Pods-TwitSplit-ZaloraUITests.release.xcconfig */ = {isa = PBXFileReference; includeInIndex = 1; lastKnownFileType = text.xcconfig; name = "Pods-TwitSplit-ZaloraUITests.release.xcconfig"; path = "Pods/Target Support Files/Pods-TwitSplit-ZaloraUITests/Pods-TwitSplit-ZaloraUITests.release.xcconfig"; sourceTree = "<group>"; };
		1CD0D33C413B7F6F876ADDCE /* Pods-TwitSplit-ZaloraTests.release.xcconfig */ = {isa = PBXFileReference; includeInIndex = 1; lastKnownFileType = text.xcconfig; name = "Pods-TwitSplit-ZaloraTests.release.xcconfig"; path = "Pods/Target Support Files/Pods-TwitSplit-ZaloraTests/Pods-TwitSplit-ZaloraTests.release.xcconfig"; sourceTree = "<group>"; };
		27D1E68251593D9DCF5470B2 /* Pods-TwitSplit-Zalora.debug.xcconfig */ = {isa = PBXFileReference; includeInIndex = 1; lastKnownFileType = text.xcconfig; name = "Pods-TwitSplit-Zalora.debug.xcconfig"; path = "Pods/Target Support Files/Pods-TwitSplit-Zalora/Pods-TwitSplit-Zalora.debug.xcconfig"; sourceTree = "<group>"; };
		41C0473F61D89FA73157EE4E /* Pods-TwitSplit-ZaloraTests.debug.xcconfig */ = {isa = PBXFileReference; includeInIndex = 1; lastKnownFileType = text.xcconfig; name = "Pods-TwitSplit-ZaloraTests.debug.xcconfig"; path = "Pods/Target Support Files/Pods-TwitSplit-ZaloraTests/Pods-TwitSplit-ZaloraTests.debug.xcconfig"; sourceTree = "<group>"; };
		4A17264422677414009BF28C /* TwitSplit-Zalora.app */ = {isa = PBXFileReference; explicitFileType = wrapper.application; includeInIndex = 0; path = "TwitSplit-Zalora.app"; sourceTree = BUILT_PRODUCTS_DIR; };
		4A17264722677414009BF28C /* AppDelegate.swift */ = {isa = PBXFileReference; lastKnownFileType = sourcecode.swift; path = AppDelegate.swift; sourceTree = "<group>"; };
		4A17264C22677414009BF28C /* Base */ = {isa = PBXFileReference; lastKnownFileType = file.storyboard; name = Base; path = Base.lproj/Main.storyboard; sourceTree = "<group>"; };
		4A17264E22677416009BF28C /* Assets.xcassets */ = {isa = PBXFileReference; lastKnownFileType = folder.assetcatalog; path = Assets.xcassets; sourceTree = "<group>"; };
		4A17265122677416009BF28C /* Base */ = {isa = PBXFileReference; lastKnownFileType = file.storyboard; name = Base; path = Base.lproj/LaunchScreen.storyboard; sourceTree = "<group>"; };
		4A17265322677416009BF28C /* Info.plist */ = {isa = PBXFileReference; lastKnownFileType = text.plist.xml; path = Info.plist; sourceTree = "<group>"; };
		4A17265822677416009BF28C /* TwitSplit-ZaloraTests.xctest */ = {isa = PBXFileReference; explicitFileType = wrapper.cfbundle; includeInIndex = 0; path = "TwitSplit-ZaloraTests.xctest"; sourceTree = BUILT_PRODUCTS_DIR; };
		4A17265C22677416009BF28C /* TwitSplit_ZaloraTests.swift */ = {isa = PBXFileReference; lastKnownFileType = sourcecode.swift; path = TwitSplit_ZaloraTests.swift; sourceTree = "<group>"; };
		4A17265E22677416009BF28C /* Info.plist */ = {isa = PBXFileReference; lastKnownFileType = text.plist.xml; path = Info.plist; sourceTree = "<group>"; };
		4A17266322677416009BF28C /* TwitSplit-ZaloraUITests.xctest */ = {isa = PBXFileReference; explicitFileType = wrapper.cfbundle; includeInIndex = 0; path = "TwitSplit-ZaloraUITests.xctest"; sourceTree = BUILT_PRODUCTS_DIR; };
		4A17266722677416009BF28C /* TwitSplit_ZaloraUITests.swift */ = {isa = PBXFileReference; lastKnownFileType = sourcecode.swift; path = TwitSplit_ZaloraUITests.swift; sourceTree = "<group>"; };
		4A17266922677416009BF28C /* Info.plist */ = {isa = PBXFileReference; lastKnownFileType = text.plist.xml; path = Info.plist; sourceTree = "<group>"; };
		4A17267622677599009BF28C /* Constants.swift */ = {isa = PBXFileReference; lastKnownFileType = sourcecode.swift; path = Constants.swift; sourceTree = "<group>"; };
		4A172678226775B0009BF28C /* TwitSplitStrategy.swift */ = {isa = PBXFileReference; lastKnownFileType = sourcecode.swift; path = TwitSplitStrategy.swift; sourceTree = "<group>"; };
		4AC3893122688E1400E0ABEB /* PostMessageViewModel.swift */ = {isa = PBXFileReference; lastKnownFileType = sourcecode.swift; path = PostMessageViewModel.swift; sourceTree = "<group>"; };
		4AC3893322688E5500E0ABEB /* MessageModel.swift */ = {isa = PBXFileReference; lastKnownFileType = sourcecode.swift; path = MessageModel.swift; sourceTree = "<group>"; };
		4AC3893722689CF800E0ABEB /* PostMessagesViewController.swift */ = {isa = PBXFileReference; fileEncoding = 4; lastKnownFileType = sourcecode.swift; path = PostMessagesViewController.swift; sourceTree = "<group>"; };
		4AC389392268B39C00E0ABEB /* TimelinesViewController.swift */ = {isa = PBXFileReference; lastKnownFileType = sourcecode.swift; path = TimelinesViewController.swift; sourceTree = "<group>"; };
		4AC3893B2268DF7700E0ABEB /* TimelinesViewModel.swift */ = {isa = PBXFileReference; lastKnownFileType = sourcecode.swift; path = TimelinesViewModel.swift; sourceTree = "<group>"; };
		4AC3893D2268DFC300E0ABEB /* PostTableViewCell.xib */ = {isa = PBXFileReference; lastKnownFileType = file.xib; path = PostTableViewCell.xib; sourceTree = "<group>"; };
		4AC3893F2268E08E00E0ABEB /* PostTableViewCell.swift */ = {isa = PBXFileReference; lastKnownFileType = sourcecode.swift; path = PostTableViewCell.swift; sourceTree = "<group>"; };
		5B638AC8025E638FD0E12411 /* Pods_TwitSplit_ZaloraTests.framework */ = {isa = PBXFileReference; explicitFileType = wrapper.framework; includeInIndex = 0; path = Pods_TwitSplit_ZaloraTests.framework; sourceTree = BUILT_PRODUCTS_DIR; };
		79FA04FA677BC749B9E56F66 /* Pods_TwitSplit_Zalora.framework */ = {isa = PBXFileReference; explicitFileType = wrapper.framework; includeInIndex = 0; path = Pods_TwitSplit_Zalora.framework; sourceTree = BUILT_PRODUCTS_DIR; };
		9CF0D89A0CDC640AB75E9F21 /* Pods-TwitSplit-Zalora.release.xcconfig */ = {isa = PBXFileReference; includeInIndex = 1; lastKnownFileType = text.xcconfig; name = "Pods-TwitSplit-Zalora.release.xcconfig"; path = "Pods/Target Support Files/Pods-TwitSplit-Zalora/Pods-TwitSplit-Zalora.release.xcconfig"; sourceTree = "<group>"; };
		C4D0AEDE2A88EBE72C4FF811 /* Pods_TwitSplit_ZaloraUITests.framework */ = {isa = PBXFileReference; explicitFileType = wrapper.framework; includeInIndex = 0; path = Pods_TwitSplit_ZaloraUITests.framework; sourceTree = BUILT_PRODUCTS_DIR; };
		F2C17837522BB210095CF6FC /* Pods-TwitSplit-ZaloraUITests.debug.xcconfig */ = {isa = PBXFileReference; includeInIndex = 1; lastKnownFileType = text.xcconfig; name = "Pods-TwitSplit-ZaloraUITests.debug.xcconfig"; path = "Pods/Target Support Files/Pods-TwitSplit-ZaloraUITests/Pods-TwitSplit-ZaloraUITests.debug.xcconfig"; sourceTree = "<group>"; };
/* End PBXFileReference section */

/* Begin PBXFrameworksBuildPhase section */
		4A17264122677414009BF28C /* Frameworks */ = {
			isa = PBXFrameworksBuildPhase;
			buildActionMask = 2147483647;
			files = (
				72A2DF84E991AD0811B8E571 /* Pods_TwitSplit_Zalora.framework in Frameworks */,
			);
			runOnlyForDeploymentPostprocessing = 0;
		};
		4A17265522677416009BF28C /* Frameworks */ = {
			isa = PBXFrameworksBuildPhase;
			buildActionMask = 2147483647;
			files = (
				CBD55A6BC00FEE2CFEA25225 /* Pods_TwitSplit_ZaloraTests.framework in Frameworks */,
			);
			runOnlyForDeploymentPostprocessing = 0;
		};
		4A17266022677416009BF28C /* Frameworks */ = {
			isa = PBXFrameworksBuildPhase;
			buildActionMask = 2147483647;
			files = (
				456BBF914BA8B2BF6303A41F /* Pods_TwitSplit_ZaloraUITests.framework in Frameworks */,
			);
			runOnlyForDeploymentPostprocessing = 0;
		};
/* End PBXFrameworksBuildPhase section */

/* Begin PBXGroup section */
		4A17263B22677414009BF28C = {
			isa = PBXGroup;
			children = (
				4A17264622677414009BF28C /* TwitSplit-Zalora */,
				4A17265B22677416009BF28C /* TwitSplit-ZaloraTests */,
				4A17266622677416009BF28C /* TwitSplit-ZaloraUITests */,
				4A17264522677414009BF28C /* Products */,
				A8605F64728F0E5160A8501D /* Pods */,
				632EF36E035388DE04B11E52 /* Frameworks */,
			);
			sourceTree = "<group>";
		};
		4A17264522677414009BF28C /* Products */ = {
			isa = PBXGroup;
			children = (
				4A17264422677414009BF28C /* TwitSplit-Zalora.app */,
				4A17265822677416009BF28C /* TwitSplit-ZaloraTests.xctest */,
				4A17266322677416009BF28C /* TwitSplit-ZaloraUITests.xctest */,
			);
			name = Products;
			sourceTree = "<group>";
		};
		4A17264622677414009BF28C /* TwitSplit-Zalora */ = {
			isa = PBXGroup;
			children = (
				4AE270EA2267AC48006AEDBF /* CustomViews */,
				4AE270E92267AC35006AEDBF /* Storyboards */,
				4AE270E82267AC29006AEDBF /* Sections */,
				4A1726752267741D009BF28C /* Utils */,
				4A17264722677414009BF28C /* AppDelegate.swift */,
				4A17264E22677416009BF28C /* Assets.xcassets */,
				4A17265322677416009BF28C /* Info.plist */,
			);
			path = "TwitSplit-Zalora";
			sourceTree = "<group>";
		};
		4A17265B22677416009BF28C /* TwitSplit-ZaloraTests */ = {
			isa = PBXGroup;
			children = (
				4A17265C22677416009BF28C /* TwitSplit_ZaloraTests.swift */,
				4A17265E22677416009BF28C /* Info.plist */,
			);
			path = "TwitSplit-ZaloraTests";
			sourceTree = "<group>";
		};
		4A17266622677416009BF28C /* TwitSplit-ZaloraUITests */ = {
			isa = PBXGroup;
			children = (
				4A17266722677416009BF28C /* TwitSplit_ZaloraUITests.swift */,
				4A17266922677416009BF28C /* Info.plist */,
			);
			path = "TwitSplit-ZaloraUITests";
			sourceTree = "<group>";
		};
		4A1726752267741D009BF28C /* Utils */ = {
			isa = PBXGroup;
			children = (
				4A17267622677599009BF28C /* Constants.swift */,
				4A172678226775B0009BF28C /* TwitSplitStrategy.swift */,
			);
			path = Utils;
			sourceTree = "<group>";
		};
		4AE270E82267AC29006AEDBF /* Sections */ = {
			isa = PBXGroup;
			children = (
				4AE270EC2267AC6C006AEDBF /* PostMessages */,
				4AE270EB2267AC55006AEDBF /* Timelines */,
			);
			path = Sections;
			sourceTree = "<group>";
		};
		4AE270E92267AC35006AEDBF /* Storyboards */ = {
			isa = PBXGroup;
			children = (
				4A17265022677416009BF28C /* LaunchScreen.storyboard */,
				4A17264B22677414009BF28C /* Main.storyboard */,
			);
			path = Storyboards;
			sourceTree = "<group>";
		};
		4AE270EA2267AC48006AEDBF /* CustomViews */ = {
			isa = PBXGroup;
			children = (
			);
			path = CustomViews;
			sourceTree = "<group>";
		};
		4AE270EB2267AC55006AEDBF /* Timelines */ = {
			isa = PBXGroup;
			children = (
				4AE270F42267ACBA006AEDBF /* Views */,
				4AE270F32267ACAF006AEDBF /* ViewControllers */,
				4AE270F22267ACA9006AEDBF /* ViewModels */,
				4AE270F12267ACA4006AEDBF /* Models */,
			);
			path = Timelines;
			sourceTree = "<group>";
		};
		4AE270EC2267AC6C006AEDBF /* PostMessages */ = {
			isa = PBXGroup;
			children = (
				4AE270F02267AC9E006AEDBF /* Views */,
				4AE270EF2267AC98006AEDBF /* ViewControllers */,
				4AE270EE2267AC93006AEDBF /* ViewModels */,
				4AE270ED2267AC8B006AEDBF /* Models */,
			);
			path = PostMessages;
			sourceTree = "<group>";
		};
		4AE270ED2267AC8B006AEDBF /* Models */ = {
			isa = PBXGroup;
			children = (
			);
			path = Models;
			sourceTree = "<group>";
		};
		4AE270EE2267AC93006AEDBF /* ViewModels */ = {
			isa = PBXGroup;
			children = (
				4AC3893122688E1400E0ABEB /* PostMessageViewModel.swift */,
			);
			path = ViewModels;
			sourceTree = "<group>";
		};
		4AE270EF2267AC98006AEDBF /* ViewControllers */ = {
			isa = PBXGroup;
			children = (
				4AC3893722689CF800E0ABEB /* PostMessagesViewController.swift */,
			);
			path = ViewControllers;
			sourceTree = "<group>";
		};
		4AE270F02267AC9E006AEDBF /* Views */ = {
			isa = PBXGroup;
			children = (
			);
			path = Views;
			sourceTree = "<group>";
		};
		4AE270F12267ACA4006AEDBF /* Models */ = {
			isa = PBXGroup;
			children = (
				4AC3893322688E5500E0ABEB /* MessageModel.swift */,
			);
			path = Models;
			sourceTree = "<group>";
		};
		4AE270F22267ACA9006AEDBF /* ViewModels */ = {
			isa = PBXGroup;
			children = (
				4AC3893B2268DF7700E0ABEB /* TimelinesViewModel.swift */,
			);
			path = ViewModels;
			sourceTree = "<group>";
		};
		4AE270F32267ACAF006AEDBF /* ViewControllers */ = {
			isa = PBXGroup;
			children = (
				4AC389392268B39C00E0ABEB /* TimelinesViewController.swift */,
			);
			path = ViewControllers;
			sourceTree = "<group>";
		};
		4AE270F42267ACBA006AEDBF /* Views */ = {
			isa = PBXGroup;
			children = (
				4AC3893D2268DFC300E0ABEB /* PostTableViewCell.xib */,
				4AC3893F2268E08E00E0ABEB /* PostTableViewCell.swift */,
			);
			path = Views;
			sourceTree = "<group>";
		};
		632EF36E035388DE04B11E52 /* Frameworks */ = {
			isa = PBXGroup;
			children = (
				79FA04FA677BC749B9E56F66 /* Pods_TwitSplit_Zalora.framework */,
				5B638AC8025E638FD0E12411 /* Pods_TwitSplit_ZaloraTests.framework */,
				C4D0AEDE2A88EBE72C4FF811 /* Pods_TwitSplit_ZaloraUITests.framework */,
			);
			name = Frameworks;
			sourceTree = "<group>";
		};
		A8605F64728F0E5160A8501D /* Pods */ = {
			isa = PBXGroup;
			children = (
				27D1E68251593D9DCF5470B2 /* Pods-TwitSplit-Zalora.debug.xcconfig */,
				9CF0D89A0CDC640AB75E9F21 /* Pods-TwitSplit-Zalora.release.xcconfig */,
				41C0473F61D89FA73157EE4E /* Pods-TwitSplit-ZaloraTests.debug.xcconfig */,
				1CD0D33C413B7F6F876ADDCE /* Pods-TwitSplit-ZaloraTests.release.xcconfig */,
				F2C17837522BB210095CF6FC /* Pods-TwitSplit-ZaloraUITests.debug.xcconfig */,
				0C1CD0EDD337030509B0AADF /* Pods-TwitSplit-ZaloraUITests.release.xcconfig */,
			);
			name = Pods;
			sourceTree = "<group>";
		};
/* End PBXGroup section */

/* Begin PBXNativeTarget section */
		4A17264322677414009BF28C /* TwitSplit-Zalora */ = {
			isa = PBXNativeTarget;
			buildConfigurationList = 4A17266C22677416009BF28C /* Build configuration list for PBXNativeTarget "TwitSplit-Zalora" */;
			buildPhases = (
				190B8AC66615F20AB46FE653 /* [CP] Check Pods Manifest.lock */,
				4A17264022677414009BF28C /* Sources */,
				4A17264122677414009BF28C /* Frameworks */,
				4A17264222677414009BF28C /* Resources */,
				9773B787FEF3F2C15FDBEB98 /* [CP] Embed Pods Frameworks */,
			);
			buildRules = (
			);
			dependencies = (
			);
			name = "TwitSplit-Zalora";
			productName = "TwitSplit-Zalora";
			productReference = 4A17264422677414009BF28C /* TwitSplit-Zalora.app */;
			productType = "com.apple.product-type.application";
		};
		4A17265722677416009BF28C /* TwitSplit-ZaloraTests */ = {
			isa = PBXNativeTarget;
			buildConfigurationList = 4A17266F22677416009BF28C /* Build configuration list for PBXNativeTarget "TwitSplit-ZaloraTests" */;
			buildPhases = (
				D21B42D236F4E0CAAB5581A7 /* [CP] Check Pods Manifest.lock */,
				4A17265422677416009BF28C /* Sources */,
				4A17265522677416009BF28C /* Frameworks */,
				4A17265622677416009BF28C /* Resources */,
			);
			buildRules = (
			);
			dependencies = (
				4A17265A22677416009BF28C /* PBXTargetDependency */,
			);
			name = "TwitSplit-ZaloraTests";
			productName = "TwitSplit-ZaloraTests";
			productReference = 4A17265822677416009BF28C /* TwitSplit-ZaloraTests.xctest */;
			productType = "com.apple.product-type.bundle.unit-test";
		};
		4A17266222677416009BF28C /* TwitSplit-ZaloraUITests */ = {
			isa = PBXNativeTarget;
			buildConfigurationList = 4A17267222677416009BF28C /* Build configuration list for PBXNativeTarget "TwitSplit-ZaloraUITests" */;
			buildPhases = (
				5A17F877E58FDDA31B5D22B7 /* [CP] Check Pods Manifest.lock */,
				4A17265F22677416009BF28C /* Sources */,
				4A17266022677416009BF28C /* Frameworks */,
				4A17266122677416009BF28C /* Resources */,
			);
			buildRules = (
			);
			dependencies = (
				4A17266522677416009BF28C /* PBXTargetDependency */,
			);
			name = "TwitSplit-ZaloraUITests";
			productName = "TwitSplit-ZaloraUITests";
			productReference = 4A17266322677416009BF28C /* TwitSplit-ZaloraUITests.xctest */;
			productType = "com.apple.product-type.bundle.ui-testing";
		};
/* End PBXNativeTarget section */

/* Begin PBXProject section */
		4A17263C22677414009BF28C /* Project object */ = {
			isa = PBXProject;
			attributes = {
				LastSwiftUpdateCheck = 1020;
				LastUpgradeCheck = 1020;
				ORGANIZATIONNAME = "Dang Trinh";
				TargetAttributes = {
					4A17264322677414009BF28C = {
						CreatedOnToolsVersion = 10.2;
					};
					4A17265722677416009BF28C = {
						CreatedOnToolsVersion = 10.2;
						TestTargetID = 4A17264322677414009BF28C;
					};
					4A17266222677416009BF28C = {
						CreatedOnToolsVersion = 10.2;
						TestTargetID = 4A17264322677414009BF28C;
					};
				};
			};
			buildConfigurationList = 4A17263F22677414009BF28C /* Build configuration list for PBXProject "TwitSplit-Zalora" */;
			compatibilityVersion = "Xcode 9.3";
			developmentRegion = en;
			hasScannedForEncodings = 0;
			knownRegions = (
				en,
				Base,
			);
			mainGroup = 4A17263B22677414009BF28C;
			productRefGroup = 4A17264522677414009BF28C /* Products */;
			projectDirPath = "";
			projectRoot = "";
			targets = (
				4A17264322677414009BF28C /* TwitSplit-Zalora */,
				4A17265722677416009BF28C /* TwitSplit-ZaloraTests */,
				4A17266222677416009BF28C /* TwitSplit-ZaloraUITests */,
			);
		};
/* End PBXProject section */

/* Begin PBXResourcesBuildPhase section */
		4A17264222677414009BF28C /* Resources */ = {
			isa = PBXResourcesBuildPhase;
			buildActionMask = 2147483647;
			files = (
				4A17265222677416009BF28C /* LaunchScreen.storyboard in Resources */,
				4A17264F22677416009BF28C /* Assets.xcassets in Resources */,
				4A17264D22677414009BF28C /* Main.storyboard in Resources */,
				4AC3893E2268DFC300E0ABEB /* PostTableViewCell.xib in Resources */,
			);
			runOnlyForDeploymentPostprocessing = 0;
		};
		4A17265622677416009BF28C /* Resources */ = {
			isa = PBXResourcesBuildPhase;
			buildActionMask = 2147483647;
			files = (
			);
			runOnlyForDeploymentPostprocessing = 0;
		};
		4A17266122677416009BF28C /* Resources */ = {
			isa = PBXResourcesBuildPhase;
			buildActionMask = 2147483647;
			files = (
			);
			runOnlyForDeploymentPostprocessing = 0;
		};
/* End PBXResourcesBuildPhase section */

/* Begin PBXShellScriptBuildPhase section */
		190B8AC66615F20AB46FE653 /* [CP] Check Pods Manifest.lock */ = {
			isa = PBXShellScriptBuildPhase;
			buildActionMask = 2147483647;
			files = (
			);
			inputFileListPaths = (
			);
			inputPaths = (
				"${PODS_PODFILE_DIR_PATH}/Podfile.lock",
				"${PODS_ROOT}/Manifest.lock",
			);
			name = "[CP] Check Pods Manifest.lock";
			outputFileListPaths = (
			);
			outputPaths = (
				"$(DERIVED_FILE_DIR)/Pods-TwitSplit-Zalora-checkManifestLockResult.txt",
			);
			runOnlyForDeploymentPostprocessing = 0;
			shellPath = /bin/sh;
			shellScript = "diff \"${PODS_PODFILE_DIR_PATH}/Podfile.lock\" \"${PODS_ROOT}/Manifest.lock\" > /dev/null\nif [ $? != 0 ] ; then\n    # print error to STDERR\n    echo \"error: The sandbox is not in sync with the Podfile.lock. Run 'pod install' or update your CocoaPods installation.\" >&2\n    exit 1\nfi\n# This output is used by Xcode 'outputs' to avoid re-running this script phase.\necho \"SUCCESS\" > \"${SCRIPT_OUTPUT_FILE_0}\"\n";
			showEnvVarsInLog = 0;
		};
		5A17F877E58FDDA31B5D22B7 /* [CP] Check Pods Manifest.lock */ = {
			isa = PBXShellScriptBuildPhase;
			buildActionMask = 2147483647;
			files = (
			);
			inputFileListPaths = (
			);
			inputPaths = (
				"${PODS_PODFILE_DIR_PATH}/Podfile.lock",
				"${PODS_ROOT}/Manifest.lock",
			);
			name = "[CP] Check Pods Manifest.lock";
			outputFileListPaths = (
			);
			outputPaths = (
				"$(DERIVED_FILE_DIR)/Pods-TwitSplit-ZaloraUITests-checkManifestLockResult.txt",
			);
			runOnlyForDeploymentPostprocessing = 0;
			shellPath = /bin/sh;
			shellScript = "diff \"${PODS_PODFILE_DIR_PATH}/Podfile.lock\" \"${PODS_ROOT}/Manifest.lock\" > /dev/null\nif [ $? != 0 ] ; then\n    # print error to STDERR\n    echo \"error: The sandbox is not in sync with the Podfile.lock. Run 'pod install' or update your CocoaPods installation.\" >&2\n    exit 1\nfi\n# This output is used by Xcode 'outputs' to avoid re-running this script phase.\necho \"SUCCESS\" > \"${SCRIPT_OUTPUT_FILE_0}\"\n";
			showEnvVarsInLog = 0;
		};
		9773B787FEF3F2C15FDBEB98 /* [CP] Embed Pods Frameworks */ = {
			isa = PBXShellScriptBuildPhase;
			buildActionMask = 2147483647;
			files = (
			);
			inputFileListPaths = (
			);
			inputPaths = (
				"${SRCROOT}/Pods/Target Support Files/Pods-TwitSplit-Zalora/Pods-TwitSplit-Zalora-frameworks.sh",
				"${BUILT_PRODUCTS_DIR}/IQKeyboardManagerSwift/IQKeyboardManagerSwift.framework",
				"${BUILT_PRODUCTS_DIR}/RxCocoa/RxCocoa.framework",
				"${BUILT_PRODUCTS_DIR}/RxSwift/RxSwift.framework",
				"${BUILT_PRODUCTS_DIR}/SkyFloatingLabelTextField/SkyFloatingLabelTextField.framework",
			);
			name = "[CP] Embed Pods Frameworks";
			outputFileListPaths = (
			);
			outputPaths = (
				"${TARGET_BUILD_DIR}/${FRAMEWORKS_FOLDER_PATH}/IQKeyboardManagerSwift.framework",
				"${TARGET_BUILD_DIR}/${FRAMEWORKS_FOLDER_PATH}/RxCocoa.framework",
				"${TARGET_BUILD_DIR}/${FRAMEWORKS_FOLDER_PATH}/RxSwift.framework",
				"${TARGET_BUILD_DIR}/${FRAMEWORKS_FOLDER_PATH}/SkyFloatingLabelTextField.framework",
			);
			runOnlyForDeploymentPostprocessing = 0;
			shellPath = /bin/sh;
			shellScript = "\"${SRCROOT}/Pods/Target Support Files/Pods-TwitSplit-Zalora/Pods-TwitSplit-Zalora-frameworks.sh\"\n";
			showEnvVarsInLog = 0;
		};
		D21B42D236F4E0CAAB5581A7 /* [CP] Check Pods Manifest.lock */ = {
			isa = PBXShellScriptBuildPhase;
			buildActionMask = 2147483647;
			files = (
			);
			inputFileListPaths = (
			);
			inputPaths = (
				"${PODS_PODFILE_DIR_PATH}/Podfile.lock",
				"${PODS_ROOT}/Manifest.lock",
			);
			name = "[CP] Check Pods Manifest.lock";
			outputFileListPaths = (
			);
			outputPaths = (
				"$(DERIVED_FILE_DIR)/Pods-TwitSplit-ZaloraTests-checkManifestLockResult.txt",
			);
			runOnlyForDeploymentPostprocessing = 0;
			shellPath = /bin/sh;
			shellScript = "diff \"${PODS_PODFILE_DIR_PATH}/Podfile.lock\" \"${PODS_ROOT}/Manifest.lock\" > /dev/null\nif [ $? != 0 ] ; then\n    # print error to STDERR\n    echo \"error: The sandbox is not in sync with the Podfile.lock. Run 'pod install' or update your CocoaPods installation.\" >&2\n    exit 1\nfi\n# This output is used by Xcode 'outputs' to avoid re-running this script phase.\necho \"SUCCESS\" > \"${SCRIPT_OUTPUT_FILE_0}\"\n";
			showEnvVarsInLog = 0;
		};
/* End PBXShellScriptBuildPhase section */

/* Begin PBXSourcesBuildPhase section */
		4A17264022677414009BF28C /* Sources */ = {
			isa = PBXSourcesBuildPhase;
			buildActionMask = 2147483647;
			files = (
				4AC3893A2268B39C00E0ABEB /* TimelinesViewController.swift in Sources */,
				4AC3893422688E5500E0ABEB /* MessageModel.swift in Sources */,
				4AC3893822689CF800E0ABEB /* PostMessagesViewController.swift in Sources */,
				4A17264822677414009BF28C /* AppDelegate.swift in Sources */,
				4AC3893C2268DF7700E0ABEB /* TimelinesViewModel.swift in Sources */,
				4A17267722677599009BF28C /* Constants.swift in Sources */,
				4AC389402268E08E00E0ABEB /* PostTableViewCell.swift in Sources */,
				4AC3893222688E1400E0ABEB /* PostMessageViewModel.swift in Sources */,
				4A172679226775B0009BF28C /* TwitSplitStrategy.swift in Sources */,
			);
			runOnlyForDeploymentPostprocessing = 0;
		};
		4A17265422677416009BF28C /* Sources */ = {
			isa = PBXSourcesBuildPhase;
			buildActionMask = 2147483647;
			files = (
				4A17265D22677416009BF28C /* TwitSplit_ZaloraTests.swift in Sources */,
			);
			runOnlyForDeploymentPostprocessing = 0;
		};
		4A17265F22677416009BF28C /* Sources */ = {
			isa = PBXSourcesBuildPhase;
			buildActionMask = 2147483647;
			files = (
				4A17266822677416009BF28C /* TwitSplit_ZaloraUITests.swift in Sources */,
			);
			runOnlyForDeploymentPostprocessing = 0;
		};
/* End PBXSourcesBuildPhase section */

/* Begin PBXTargetDependency section */
		4A17265A22677416009BF28C /* PBXTargetDependency */ = {
			isa = PBXTargetDependency;
			target = 4A17264322677414009BF28C /* TwitSplit-Zalora */;
			targetProxy = 4A17265922677416009BF28C /* PBXContainerItemProxy */;
		};
		4A17266522677416009BF28C /* PBXTargetDependency */ = {
			isa = PBXTargetDependency;
			target = 4A17264322677414009BF28C /* TwitSplit-Zalora */;
			targetProxy = 4A17266422677416009BF28C /* PBXContainerItemProxy */;
		};
/* End PBXTargetDependency section */

/* Begin PBXVariantGroup section */
		4A17264B22677414009BF28C /* Main.storyboard */ = {
			isa = PBXVariantGroup;
			children = (
				4A17264C22677414009BF28C /* Base */,
			);
			name = Main.storyboard;
			sourceTree = "<group>";
		};
		4A17265022677416009BF28C /* LaunchScreen.storyboard */ = {
			isa = PBXVariantGroup;
			children = (
				4A17265122677416009BF28C /* Base */,
			);
			name = LaunchScreen.storyboard;
			sourceTree = "<group>";
		};
/* End PBXVariantGroup section */

/* Begin XCBuildConfiguration section */
		4A17266A22677416009BF28C /* Debug */ = {
			isa = XCBuildConfiguration;
			buildSettings = {
				ALWAYS_SEARCH_USER_PATHS = NO;
				CLANG_ANALYZER_NONNULL = YES;
				CLANG_ANALYZER_NUMBER_OBJECT_CONVERSION = YES_AGGRESSIVE;
				CLANG_CXX_LANGUAGE_STANDARD = "gnu++14";
				CLANG_CXX_LIBRARY = "libc++";
				CLANG_ENABLE_MODULES = YES;
				CLANG_ENABLE_OBJC_ARC = YES;
				CLANG_ENABLE_OBJC_WEAK = YES;
				CLANG_WARN_BLOCK_CAPTURE_AUTORELEASING = YES;
				CLANG_WARN_BOOL_CONVERSION = YES;
				CLANG_WARN_COMMA = YES;
				CLANG_WARN_CONSTANT_CONVERSION = YES;
				CLANG_WARN_DEPRECATED_OBJC_IMPLEMENTATIONS = YES;
				CLANG_WARN_DIRECT_OBJC_ISA_USAGE = YES_ERROR;
				CLANG_WARN_DOCUMENTATION_COMMENTS = YES;
				CLANG_WARN_EMPTY_BODY = YES;
				CLANG_WARN_ENUM_CONVERSION = YES;
				CLANG_WARN_INFINITE_RECURSION = YES;
				CLANG_WARN_INT_CONVERSION = YES;
				CLANG_WARN_NON_LITERAL_NULL_CONVERSION = YES;
				CLANG_WARN_OBJC_IMPLICIT_RETAIN_SELF = YES;
				CLANG_WARN_OBJC_LITERAL_CONVERSION = YES;
				CLANG_WARN_OBJC_ROOT_CLASS = YES_ERROR;
				CLANG_WARN_RANGE_LOOP_ANALYSIS = YES;
				CLANG_WARN_STRICT_PROTOTYPES = YES;
				CLANG_WARN_SUSPICIOUS_MOVE = YES;
				CLANG_WARN_UNGUARDED_AVAILABILITY = YES_AGGRESSIVE;
				CLANG_WARN_UNREACHABLE_CODE = YES;
				CLANG_WARN__DUPLICATE_METHOD_MATCH = YES;
				CODE_SIGN_IDENTITY = "iPhone Developer";
				COPY_PHASE_STRIP = NO;
				DEBUG_INFORMATION_FORMAT = dwarf;
				ENABLE_STRICT_OBJC_MSGSEND = YES;
				ENABLE_TESTABILITY = YES;
				GCC_C_LANGUAGE_STANDARD = gnu11;
				GCC_DYNAMIC_NO_PIC = NO;
				GCC_NO_COMMON_BLOCKS = YES;
				GCC_OPTIMIZATION_LEVEL = 0;
				GCC_PREPROCESSOR_DEFINITIONS = (
					"DEBUG=1",
					"$(inherited)",
				);
				GCC_WARN_64_TO_32_BIT_CONVERSION = YES;
				GCC_WARN_ABOUT_RETURN_TYPE = YES_ERROR;
				GCC_WARN_UNDECLARED_SELECTOR = YES;
				GCC_WARN_UNINITIALIZED_AUTOS = YES_AGGRESSIVE;
				GCC_WARN_UNUSED_FUNCTION = YES;
				GCC_WARN_UNUSED_VARIABLE = YES;
				IPHONEOS_DEPLOYMENT_TARGET = 12.2;
				MTL_ENABLE_DEBUG_INFO = INCLUDE_SOURCE;
				MTL_FAST_MATH = YES;
				ONLY_ACTIVE_ARCH = YES;
				SDKROOT = iphoneos;
				SWIFT_ACTIVE_COMPILATION_CONDITIONS = DEBUG;
				SWIFT_OPTIMIZATION_LEVEL = "-Onone";
			};
			name = Debug;
		};
		4A17266B22677416009BF28C /* Release */ = {
			isa = XCBuildConfiguration;
			buildSettings = {
				ALWAYS_SEARCH_USER_PATHS = NO;
				CLANG_ANALYZER_NONNULL = YES;
				CLANG_ANALYZER_NUMBER_OBJECT_CONVERSION = YES_AGGRESSIVE;
				CLANG_CXX_LANGUAGE_STANDARD = "gnu++14";
				CLANG_CXX_LIBRARY = "libc++";
				CLANG_ENABLE_MODULES = YES;
				CLANG_ENABLE_OBJC_ARC = YES;
				CLANG_ENABLE_OBJC_WEAK = YES;
				CLANG_WARN_BLOCK_CAPTURE_AUTORELEASING = YES;
				CLANG_WARN_BOOL_CONVERSION = YES;
				CLANG_WARN_COMMA = YES;
				CLANG_WARN_CONSTANT_CONVERSION = YES;
				CLANG_WARN_DEPRECATED_OBJC_IMPLEMENTATIONS = YES;
				CLANG_WARN_DIRECT_OBJC_ISA_USAGE = YES_ERROR;
				CLANG_WARN_DOCUMENTATION_COMMENTS = YES;
				CLANG_WARN_EMPTY_BODY = YES;
				CLANG_WARN_ENUM_CONVERSION = YES;
				CLANG_WARN_INFINITE_RECURSION = YES;
				CLANG_WARN_INT_CONVERSION = YES;
				CLANG_WARN_NON_LITERAL_NULL_CONVERSION = YES;
				CLANG_WARN_OBJC_IMPLICIT_RETAIN_SELF = YES;
				CLANG_WARN_OBJC_LITERAL_CONVERSION = YES;
				CLANG_WARN_OBJC_ROOT_CLASS = YES_ERROR;
				CLANG_WARN_RANGE_LOOP_ANALYSIS = YES;
				CLANG_WARN_STRICT_PROTOTYPES = YES;
				CLANG_WARN_SUSPICIOUS_MOVE = YES;
				CLANG_WARN_UNGUARDED_AVAILABILITY = YES_AGGRESSIVE;
				CLANG_WARN_UNREACHABLE_CODE = YES;
				CLANG_WARN__DUPLICATE_METHOD_MATCH = YES;
				CODE_SIGN_IDENTITY = "iPhone Developer";
				COPY_PHASE_STRIP = NO;
				DEBUG_INFORMATION_FORMAT = "dwarf-with-dsym";
				ENABLE_NS_ASSERTIONS = NO;
				ENABLE_STRICT_OBJC_MSGSEND = YES;
				GCC_C_LANGUAGE_STANDARD = gnu11;
				GCC_NO_COMMON_BLOCKS = YES;
				GCC_WARN_64_TO_32_BIT_CONVERSION = YES;
				GCC_WARN_ABOUT_RETURN_TYPE = YES_ERROR;
				GCC_WARN_UNDECLARED_SELECTOR = YES;
				GCC_WARN_UNINITIALIZED_AUTOS = YES_AGGRESSIVE;
				GCC_WARN_UNUSED_FUNCTION = YES;
				GCC_WARN_UNUSED_VARIABLE = YES;
				IPHONEOS_DEPLOYMENT_TARGET = 12.2;
				MTL_ENABLE_DEBUG_INFO = NO;
				MTL_FAST_MATH = YES;
				SDKROOT = iphoneos;
				SWIFT_COMPILATION_MODE = wholemodule;
				SWIFT_OPTIMIZATION_LEVEL = "-O";
				VALIDATE_PRODUCT = YES;
			};
			name = Release;
		};
		4A17266D22677416009BF28C /* Debug */ = {
			isa = XCBuildConfiguration;
			baseConfigurationReference = 27D1E68251593D9DCF5470B2 /* Pods-TwitSplit-Zalora.debug.xcconfig */;
			buildSettings = {
				ASSETCATALOG_COMPILER_APPICON_NAME = AppIcon;
				CODE_SIGN_STYLE = Automatic;
				INFOPLIST_FILE = "TwitSplit-Zalora/Info.plist";
				LD_RUNPATH_SEARCH_PATHS = (
					"$(inherited)",
					"@executable_path/Frameworks",
				);
				PRODUCT_BUNDLE_IDENTIFIER = "None.TwitSplit-Zalora";
				PRODUCT_NAME = "$(TARGET_NAME)";
				SWIFT_VERSION = 4.2;
				TARGETED_DEVICE_FAMILY = "1,2";
			};
			name = Debug;
		};
		4A17266E22677416009BF28C /* Release */ = {
			isa = XCBuildConfiguration;
			baseConfigurationReference = 9CF0D89A0CDC640AB75E9F21 /* Pods-TwitSplit-Zalora.release.xcconfig */;
			buildSettings = {
				ASSETCATALOG_COMPILER_APPICON_NAME = AppIcon;
				CODE_SIGN_STYLE = Automatic;
				INFOPLIST_FILE = "TwitSplit-Zalora/Info.plist";
				LD_RUNPATH_SEARCH_PATHS = (
					"$(inherited)",
					"@executable_path/Frameworks",
				);
				PRODUCT_BUNDLE_IDENTIFIER = "None.TwitSplit-Zalora";
				PRODUCT_NAME = "$(TARGET_NAME)";
				SWIFT_VERSION = 4.2;
				TARGETED_DEVICE_FAMILY = "1,2";
			};
			name = Release;
		};
		4A17267022677416009BF28C /* Debug */ = {
			isa = XCBuildConfiguration;
			baseConfigurationReference = 41C0473F61D89FA73157EE4E /* Pods-TwitSplit-ZaloraTests.debug.xcconfig */;
			buildSettings = {
				ALWAYS_EMBED_SWIFT_STANDARD_LIBRARIES = YES;
				BUNDLE_LOADER = "$(TEST_HOST)";
				CODE_SIGN_STYLE = Automatic;
				INFOPLIST_FILE = "TwitSplit-ZaloraTests/Info.plist";
				LD_RUNPATH_SEARCH_PATHS = (
					"$(inherited)",
					"@executable_path/Frameworks",
					"@loader_path/Frameworks",
				);
				PRODUCT_BUNDLE_IDENTIFIER = "None.TwitSplit-ZaloraTests";
				PRODUCT_NAME = "$(TARGET_NAME)";
				SWIFT_VERSION = 5.0;
				TARGETED_DEVICE_FAMILY = "1,2";
				TEST_HOST = "$(BUILT_PRODUCTS_DIR)/TwitSplit-Zalora.app/TwitSplit-Zalora";
			};
			name = Debug;
		};
		4A17267122677416009BF28C /* Release */ = {
			isa = XCBuildConfiguration;
			baseConfigurationReference = 1CD0D33C413B7F6F876ADDCE /* Pods-TwitSplit-ZaloraTests.release.xcconfig */;
			buildSettings = {
				ALWAYS_EMBED_SWIFT_STANDARD_LIBRARIES = YES;
				BUNDLE_LOADER = "$(TEST_HOST)";
				CODE_SIGN_STYLE = Automatic;
				INFOPLIST_FILE = "TwitSplit-ZaloraTests/Info.plist";
				LD_RUNPATH_SEARCH_PATHS = (
					"$(inherited)",
					"@executable_path/Frameworks",
					"@loader_path/Frameworks",
				);
				PRODUCT_BUNDLE_IDENTIFIER = "None.TwitSplit-ZaloraTests";
				PRODUCT_NAME = "$(TARGET_NAME)";
				SWIFT_VERSION = 5.0;
				TARGETED_DEVICE_FAMILY = "1,2";
				TEST_HOST = "$(BUILT_PRODUCTS_DIR)/TwitSplit-Zalora.app/TwitSplit-Zalora";
			};
			name = Release;
		};
		4A17267322677416009BF28C /* Debug */ = {
			isa = XCBuildConfiguration;
			baseConfigurationReference = F2C17837522BB210095CF6FC /* Pods-TwitSplit-ZaloraUITests.debug.xcconfig */;
			buildSettings = {
				ALWAYS_EMBED_SWIFT_STANDARD_LIBRARIES = YES;
				CODE_SIGN_STYLE = Automatic;
				INFOPLIST_FILE = "TwitSplit-ZaloraUITests/Info.plist";
				LD_RUNPATH_SEARCH_PATHS = (
					"$(inherited)",
					"@executable_path/Frameworks",
					"@loader_path/Frameworks",
				);
				PRODUCT_BUNDLE_IDENTIFIER = "None.TwitSplit-ZaloraUITests";
				PRODUCT_NAME = "$(TARGET_NAME)";
				SWIFT_VERSION = 5.0;
				TARGETED_DEVICE_FAMILY = "1,2";
				TEST_TARGET_NAME = "TwitSplit-Zalora";
			};
			name = Debug;
		};
		4A17267422677416009BF28C /* Release */ = {
			isa = XCBuildConfiguration;
			baseConfigurationReference = 0C1CD0EDD337030509B0AADF /* Pods-TwitSplit-ZaloraUITests.release.xcconfig */;
			buildSettings = {
				ALWAYS_EMBED_SWIFT_STANDARD_LIBRARIES = YES;
				CODE_SIGN_STYLE = Automatic;
				INFOPLIST_FILE = "TwitSplit-ZaloraUITests/Info.plist";
				LD_RUNPATH_SEARCH_PATHS = (
					"$(inherited)",
					"@executable_path/Frameworks",
					"@loader_path/Frameworks",
				);
				PRODUCT_BUNDLE_IDENTIFIER = "None.TwitSplit-ZaloraUITests";
				PRODUCT_NAME = "$(TARGET_NAME)";
				SWIFT_VERSION = 5.0;
				TARGETED_DEVICE_FAMILY = "1,2";
				TEST_TARGET_NAME = "TwitSplit-Zalora";
			};
			name = Release;
		};
/* End XCBuildConfiguration section */

/* Begin XCConfigurationList section */
		4A17263F22677414009BF28C /* Build configuration list for PBXProject "TwitSplit-Zalora" */ = {
			isa = XCConfigurationList;
			buildConfigurations = (
				4A17266A22677416009BF28C /* Debug */,
				4A17266B22677416009BF28C /* Release */,
			);
			defaultConfigurationIsVisible = 0;
			defaultConfigurationName = Release;
		};
		4A17266C22677416009BF28C /* Build configuration list for PBXNativeTarget "TwitSplit-Zalora" */ = {
			isa = XCConfigurationList;
			buildConfigurations = (
				4A17266D22677416009BF28C /* Debug */,
				4A17266E22677416009BF28C /* Release */,
			);
			defaultConfigurationIsVisible = 0;
			defaultConfigurationName = Release;
		};
		4A17266F22677416009BF28C /* Build configuration list for PBXNativeTarget "TwitSplit-ZaloraTests" */ = {
			isa = XCConfigurationList;
			buildConfigurations = (
				4A17267022677416009BF28C /* Debug */,
				4A17267122677416009BF28C /* Release */,
			);
			defaultConfigurationIsVisible = 0;
			defaultConfigurationName = Release;
		};
		4A17267222677416009BF28C /* Build configuration list for PBXNativeTarget "TwitSplit-ZaloraUITests" */ = {
			isa = XCConfigurationList;
			buildConfigurations = (
				4A17267322677416009BF28C /* Debug */,
				4A17267422677416009BF28C /* Release */,
			);
			defaultConfigurationIsVisible = 0;
			defaultConfigurationName = Release;
		};
/* End XCConfigurationList section */
	};
	rootObject = 4A17263C22677414009BF28C /* Project object */;
}
